
Microsoft Visual Studio Solution File, Format Version 12.00
# Visual Studio Version 17
VisualStudioVersion = 17.10.34916.146
MinimumVisualStudioVersion = 10.0.40219.1
Project("{8BC9CEB8-8B4A-11D0-8D11-00A0C91BC942}") = "C++11的相关内容", "C++11的相关内容\C++11的相关内容.vcxproj", "{251142A4-8281-44C9-BBF7-59E3E1573BA4}"
EndProject
Global
	GlobalSection(SolutionConfigurationPlatforms) = preSolution
		Debug|x64 = Debug|x64
		Debug|x86 = Debug|x86
		Release|x64 = Release|x64
		Release|x86 = Release|x86
	EndGlobalSection
	GlobalSection(ProjectConfigurationPlatforms) = postSolution
		{251142A4-8281-44C9-BBF7-59E3E1573BA4}.Debug|x64.ActiveCfg = Debug|x64
		{251142A4-8281-44C9-BBF7-59E3E1573BA4}.Debug|x64.Build.0 = Debug|x64
		{251142A4-8281-44C9-BBF7-59E3E1573BA4}.Debug|x86.ActiveCfg = Debug|Win32
		{251142A4-8281-44C9-BBF7-59E3E1573BA4}.Debug|x86.Build.0 = Debug|Win32
		{251142A4-8281-44C9-BBF7-59E3E1573BA4}.Release|x64.ActiveCfg = Release|x64
		{251142A4-8281-44C9-BBF7-59E3E1573BA4}.Release|x64.Build.0 = Release|x64
		{251142A4-8281-44C9-BBF7-59E3E1573BA4}.Release|x86.ActiveCfg = Release|Win32
		{251142A4-8281-44C9-BBF7-59E3E1573BA4}.Release|x86.Build.0 = Release|Win32
	EndGlobalSection
	GlobalSection(SolutionProperties) = preSolution
		HideSolutionNode = FALSE
	EndGlobalSection
	GlobalSection(ExtensibilityGlobals) = postSolution
		SolutionGuid = {26DC0008-44AB-4093-AD04-5FD1FF7B8836}
	EndGlobalSection
EndGlobal
